
Microsoft Visual Studio Solution File, Format Version 12.00
# Visual Studio Version 16
VisualStudioVersion = 16.0.31402.337
MinimumVisualStudioVersion = 10.0.40219.1
Project("{2150E333-8FDC-42A3-9474-1A3956D46DE8}") = "0-Tests", "0-Tests", "{3D8759FE-B3B5-4461-AF2B-59E9AE5FDAEC}"
EndProject
Project("{2150E333-8FDC-42A3-9474-1A3956D46DE8}") = "1-Web", "1-Web", "{AAA8C570-A68B-4197-823F-03AC13A170CF}"
EndProject
Project("{2150E333-8FDC-42A3-9474-1A3956D46DE8}") = "2-Application", "2-Application", "{BEE42850-F611-4370-9370-7396B9A7C9A0}"
EndProject
Project("{2150E333-8FDC-42A3-9474-1A3956D46DE8}") = "3-Domain", "3-Domain", "{4A9983B4-3618-41A3-AB04-4C1BDF273718}"
EndProject
Project("{2150E333-8FDC-42A3-9474-1A3956D46DE8}") = "4-Infra", "4-Infra", "{D7999930-D310-436F-A08B-81AB10141F75}"
EndProject
Project("{9A19103F-16F7-4668-BE54-9A1E7A4F7556}") = "PortalNoticias.Test", "PortalNoticias.Test\PortalNoticias.Test.csproj", "{0C90F6FC-58AF-4C8B-9FF8-866C9E4CEF21}"
EndProject
Project("{9A19103F-16F7-4668-BE54-9A1E7A4F7556}") = "PortalNoticias.Services", "PortalNoticias.Application\PortalNoticias.Services.csproj", "{FDB19201-F13C-483D-AF03-B25F5EB49C06}"
EndProject
Project("{9A19103F-16F7-4668-BE54-9A1E7A4F7556}") = "PortalNoticias.Domain", "PortalNoticias.Domain\PortalNoticias.Domain.csproj", "{AE53A21B-4CDB-4FF8-A424-2D509AF8554B}"
EndProject
Project("{2150E333-8FDC-42A3-9474-1A3956D46DE8}") = "4.1-Data", "4.1-Data", "{9C839E02-4544-4B51-B487-7E145B8FB116}"
EndProject
Project("{9A19103F-16F7-4668-BE54-9A1E7A4F7556}") = "PortalNoticias.Infra.Data", "PortalNoticias.Infra.Data\PortalNoticias.Infra.Data.csproj", "{9BC9A2C8-DB55-463D-B98A-3EAC00CF9C6E}"
EndProject
Project("{2150E333-8FDC-42A3-9474-1A3956D46DE8}") = "4.2-CrossCutting", "4.2-CrossCutting", "{9F766FBC-14D7-4C53-9D79-353185030111}"
EndProject
Project("{9A19103F-16F7-4668-BE54-9A1E7A4F7556}") = "PortalNoticias.Api", "PortalNoticias.Api\PortalNoticias.Api.csproj", "{797F3F13-BC18-40ED-9541-1ECF9B749507}"
EndProject
Project("{9A19103F-16F7-4668-BE54-9A1E7A4F7556}") = "PortalNoticias.Infra.CrossCutting.IoC", "PortalNoticias.Infra.CrossCutting.IoC\PortalNoticias.Infra.CrossCutting.IoC.csproj", "{08D41DC5-879D-4D0D-8B7F-6515A096F688}"
EndProject
Project("{FAE04EC0-301F-11D3-BF4B-00C04F79EFBC}") = "PortalNoticias.Infra.CrossCutting.Util", "PortalNoticias.Infra.Util\PortalNoticias.Infra.CrossCutting.Util.csproj", "{A842DFE5-2FDE-45E4-A8E9-2633F3B06367}"
EndProject
Project("{9A19103F-16F7-4668-BE54-9A1E7A4F7556}") = "PortalNoticias.Infra.CrossCutting.Swagger", "PortalNoticias.Infra.CrossCutting.Swagger\PortalNoticias.Infra.CrossCutting.Swagger.csproj", "{EFB28F39-6ECF-4F5A-A11A-6E810E243EB6}"
EndProject
Global
	GlobalSection(SolutionConfigurationPlatforms) = preSolution
		Debug|Any CPU = Debug|Any CPU
		Release|Any CPU = Release|Any CPU
	EndGlobalSection
	GlobalSection(ProjectConfigurationPlatforms) = postSolution
		{0C90F6FC-58AF-4C8B-9FF8-866C9E4CEF21}.Debug|Any CPU.ActiveCfg = Debug|Any CPU
		{0C90F6FC-58AF-4C8B-9FF8-866C9E4CEF21}.Debug|Any CPU.Build.0 = Debug|Any CPU
		{0C90F6FC-58AF-4C8B-9FF8-866C9E4CEF21}.Release|Any CPU.ActiveCfg = Release|Any CPU
		{0C90F6FC-58AF-4C8B-9FF8-866C9E4CEF21}.Release|Any CPU.Build.0 = Release|Any CPU
		{FDB19201-F13C-483D-AF03-B25F5EB49C06}.Debug|Any CPU.ActiveCfg = Debug|Any CPU
		{FDB19201-F13C-483D-AF03-B25F5EB49C06}.Debug|Any CPU.Build.0 = Debug|Any CPU
		{FDB19201-F13C-483D-AF03-B25F5EB49C06}.Release|Any CPU.ActiveCfg = Release|Any CPU
		{FDB19201-F13C-483D-AF03-B25F5EB49C06}.Release|Any CPU.Build.0 = Release|Any CPU
		{AE53A21B-4CDB-4FF8-A424-2D509AF8554B}.Debug|Any CPU.ActiveCfg = Debug|Any CPU
		{AE53A21B-4CDB-4FF8-A424-2D509AF8554B}.Debug|Any CPU.Build.0 = Debug|Any CPU
		{AE53A21B-4CDB-4FF8-A424-2D509AF8554B}.Release|Any CPU.ActiveCfg = Release|Any CPU
		{AE53A21B-4CDB-4FF8-A424-2D509AF8554B}.Release|Any CPU.Build.0 = Release|Any CPU
		{9BC9A2C8-DB55-463D-B98A-3EAC00CF9C6E}.Debug|Any CPU.ActiveCfg = Debug|Any CPU
		{9BC9A2C8-DB55-463D-B98A-3EAC00CF9C6E}.Debug|Any CPU.Build.0 = Debug|Any CPU
		{9BC9A2C8-DB55-463D-B98A-3EAC00CF9C6E}.Release|Any CPU.ActiveCfg = Release|Any CPU
		{9BC9A2C8-DB55-463D-B98A-3EAC00CF9C6E}.Release|Any CPU.Build.0 = Release|Any CPU
		{797F3F13-BC18-40ED-9541-1ECF9B749507}.Debug|Any CPU.ActiveCfg = Debug|Any CPU
		{797F3F13-BC18-40ED-9541-1ECF9B749507}.Debug|Any CPU.Build.0 = Debug|Any CPU
		{797F3F13-BC18-40ED-9541-1ECF9B749507}.Release|Any CPU.ActiveCfg = Release|Any CPU
		{797F3F13-BC18-40ED-9541-1ECF9B749507}.Release|Any CPU.Build.0 = Release|Any CPU
		{08D41DC5-879D-4D0D-8B7F-6515A096F688}.Debug|Any CPU.ActiveCfg = Debug|Any CPU
		{08D41DC5-879D-4D0D-8B7F-6515A096F688}.Debug|Any CPU.Build.0 = Debug|Any CPU
		{08D41DC5-879D-4D0D-8B7F-6515A096F688}.Release|Any CPU.ActiveCfg = Release|Any CPU
		{08D41DC5-879D-4D0D-8B7F-6515A096F688}.Release|Any CPU.Build.0 = Release|Any CPU
		{A842DFE5-2FDE-45E4-A8E9-2633F3B06367}.Debug|Any CPU.ActiveCfg = Debug|Any CPU
		{A842DFE5-2FDE-45E4-A8E9-2633F3B06367}.Debug|Any CPU.Build.0 = Debug|Any CPU
		{A842DFE5-2FDE-45E4-A8E9-2633F3B06367}.Release|Any CPU.ActiveCfg = Release|Any CPU
		{A842DFE5-2FDE-45E4-A8E9-2633F3B06367}.Release|Any CPU.Build.0 = Release|Any CPU
		{EFB28F39-6ECF-4F5A-A11A-6E810E243EB6}.Debug|Any CPU.ActiveCfg = Debug|Any CPU
		{EFB28F39-6ECF-4F5A-A11A-6E810E243EB6}.Debug|Any CPU.Build.0 = Debug|Any CPU
		{EFB28F39-6ECF-4F5A-A11A-6E810E243EB6}.Release|Any CPU.ActiveCfg = Release|Any CPU
		{EFB28F39-6ECF-4F5A-A11A-6E810E243EB6}.Release|Any CPU.Build.0 = Release|Any CPU
	EndGlobalSection
	GlobalSection(SolutionProperties) = preSolution
		HideSolutionNode = FALSE
	EndGlobalSection
	GlobalSection(NestedProjects) = preSolution
		{0C90F6FC-58AF-4C8B-9FF8-866C9E4CEF21} = {3D8759FE-B3B5-4461-AF2B-59E9AE5FDAEC}
		{FDB19201-F13C-483D-AF03-B25F5EB49C06} = {BEE42850-F611-4370-9370-7396B9A7C9A0}
		{AE53A21B-4CDB-4FF8-A424-2D509AF8554B} = {4A9983B4-3618-41A3-AB04-4C1BDF273718}
		{9C839E02-4544-4B51-B487-7E145B8FB116} = {D7999930-D310-436F-A08B-81AB10141F75}
		{9BC9A2C8-DB55-463D-B98A-3EAC00CF9C6E} = {9C839E02-4544-4B51-B487-7E145B8FB116}
		{9F766FBC-14D7-4C53-9D79-353185030111} = {D7999930-D310-436F-A08B-81AB10141F75}
		{797F3F13-BC18-40ED-9541-1ECF9B749507} = {AAA8C570-A68B-4197-823F-03AC13A170CF}
		{08D41DC5-879D-4D0D-8B7F-6515A096F688} = {9F766FBC-14D7-4C53-9D79-353185030111}
		{A842DFE5-2FDE-45E4-A8E9-2633F3B06367} = {9F766FBC-14D7-4C53-9D79-353185030111}
		{EFB28F39-6ECF-4F5A-A11A-6E810E243EB6} = {9F766FBC-14D7-4C53-9D79-353185030111}
	EndGlobalSection
	GlobalSection(ExtensibilityGlobals) = postSolution
		SolutionGuid = {D51C52BE-E015-4367-B7A6-30A6479123EA}
	EndGlobalSection
EndGlobal
