
Microsoft Visual Studio Solution File, Format Version 12.00
# Visual Studio Version 16
VisualStudioVersion = 16.0.31402.337
MinimumVisualStudioVersion = 10.0.40219.1
Project("{2150E333-8FDC-42A3-9474-1A3956D46DE8}") = "0-Tests", "0-Tests", "{3D8759FE-B3B5-4461-AF2B-59E9AE5FDAEC}"
EndProject
Project("{2150E333-8FDC-42A3-9474-1A3956D46DE8}") = "1-Web", "1-Web", "{AAA8C570-A68B-4197-823F-03AC13A170CF}"
EndProject
Project("{FAE04EC0-301F-11D3-BF4B-00C04F79EFBC}") = "PortalNoticias.Web", "PortalNoticias.Web\PortalNoticias.Web.csproj", "{7E3E84E1-9EB5-44FD-A7EC-F0F3C42A51D9}"
EndProject
Project("{2150E333-8FDC-42A3-9474-1A3956D46DE8}") = "2-Application", "2-Application", "{BEE42850-F611-4370-9370-7396B9A7C9A0}"
EndProject
Project("{2150E333-8FDC-42A3-9474-1A3956D46DE8}") = "3-Domain", "3-Domain", "{4A9983B4-3618-41A3-AB04-4C1BDF273718}"
EndProject
Project("{2150E333-8FDC-42A3-9474-1A3956D46DE8}") = "4-Infra", "4-Infra", "{D7999930-D310-436F-A08B-81AB10141F75}"
EndProject
Project("{FAE04EC0-301F-11D3-BF4B-00C04F79EFBC}") = "PortalNoticias.Test", "PortalNoticias.Test\PortalNoticias.Test.csproj", "{0C90F6FC-58AF-4C8B-9FF8-866C9E4CEF21}"
EndProject
Project("{FAE04EC0-301F-11D3-BF4B-00C04F79EFBC}") = "PortalNoticias.Application", "PortalNoticias.Application\PortalNoticias.Application.csproj", "{FDB19201-F13C-483D-AF03-B25F5EB49C06}"
EndProject
Project("{FAE04EC0-301F-11D3-BF4B-00C04F79EFBC}") = "PortalNoticias.Domain", "PortalNoticias.Domain\PortalNoticias.Domain.csproj", "{AE53A21B-4CDB-4FF8-A424-2D509AF8554B}"
EndProject
Project("{2150E333-8FDC-42A3-9474-1A3956D46DE8}") = "4.1-Data", "4.1-Data", "{9C839E02-4544-4B51-B487-7E145B8FB116}"
EndProject
Project("{FAE04EC0-301F-11D3-BF4B-00C04F79EFBC}") = "PortalNoticias.Infra.Data", "PortalNoticias.Infra.Data\PortalNoticias.Infra.Data.csproj", "{9BC9A2C8-DB55-463D-B98A-3EAC00CF9C6E}"
EndProject
Project("{2150E333-8FDC-42A3-9474-1A3956D46DE8}") = "4.2-CrossCutting", "4.2-CrossCutting", "{9F766FBC-14D7-4C53-9D79-353185030111}"
EndProject
Project("{FAE04EC0-301F-11D3-BF4B-00C04F79EFBC}") = "PortalNoticias.Infra.CrossCutting.Auth", "PortalNoticias.Infra.CrossCutting.Auth\PortalNoticias.Infra.CrossCutting.Auth.csproj", "{697518A0-EA5E-4F94-A973-4B6B95EE3644}"
EndProject
Project("{FAE04EC0-301F-11D3-BF4B-00C04F79EFBC}") = "PortalNoticias.Infra.CrossCutting.ExceptionHandler", "PortalNoticias.Infra.CrossCutting.ExceptionHandler\PortalNoticias.Infra.CrossCutting.ExceptionHandler.csproj", "{4F82AAD2-DAF8-4382-9DEE-D66786CE731A}"
EndProject
Project("{FAE04EC0-301F-11D3-BF4B-00C04F79EFBC}") = "PortalNoticias.Infra.CrossCutting.IoC", "PortalNoticias.Infra.CrossCutting.IoC\PortalNoticias.Infra.CrossCutting.IoC.csproj", "{F8E54B46-38EB-4ECD-9FF8-FED96204CAF7}"
EndProject
Project("{FAE04EC0-301F-11D3-BF4B-00C04F79EFBC}") = "PortalNoticias.Infra.CrossCutting.Notification", "PortalNoticias.Infra.CrossCutting.Notification\PortalNoticias.Infra.CrossCutting.Notification.csproj", "{56BA4930-D094-4145-8D99-3DD3AB000BA2}"
EndProject
Project("{FAE04EC0-301F-11D3-BF4B-00C04F79EFBC}") = "PortalNoticias.Infra.CrossCutting.Swagger", "PortalNoticias.Infra.CrossCutting.Swagger\PortalNoticias.Infra.CrossCutting.Swagger.csproj", "{2EC81F40-F946-4519-BFA7-B658C1E796AA}"
EndProject
Project("{FAE04EC0-301F-11D3-BF4B-00C04F79EFBC}") = "PortalNoticias.Api", "PortalNoticias.Api\PortalNoticias.Api.csproj", "{797F3F13-BC18-40ED-9541-1ECF9B749507}"
EndProject
Global
	GlobalSection(SolutionConfigurationPlatforms) = preSolution
		Debug|Any CPU = Debug|Any CPU
		Release|Any CPU = Release|Any CPU
	EndGlobalSection
	GlobalSection(ProjectConfigurationPlatforms) = postSolution
		{7E3E84E1-9EB5-44FD-A7EC-F0F3C42A51D9}.Debug|Any CPU.ActiveCfg = Debug|Any CPU
		{7E3E84E1-9EB5-44FD-A7EC-F0F3C42A51D9}.Debug|Any CPU.Build.0 = Debug|Any CPU
		{7E3E84E1-9EB5-44FD-A7EC-F0F3C42A51D9}.Release|Any CPU.ActiveCfg = Release|Any CPU
		{7E3E84E1-9EB5-44FD-A7EC-F0F3C42A51D9}.Release|Any CPU.Build.0 = Release|Any CPU
		{0C90F6FC-58AF-4C8B-9FF8-866C9E4CEF21}.Debug|Any CPU.ActiveCfg = Debug|Any CPU
		{0C90F6FC-58AF-4C8B-9FF8-866C9E4CEF21}.Debug|Any CPU.Build.0 = Debug|Any CPU
		{0C90F6FC-58AF-4C8B-9FF8-866C9E4CEF21}.Release|Any CPU.ActiveCfg = Release|Any CPU
		{0C90F6FC-58AF-4C8B-9FF8-866C9E4CEF21}.Release|Any CPU.Build.0 = Release|Any CPU
		{FDB19201-F13C-483D-AF03-B25F5EB49C06}.Debug|Any CPU.ActiveCfg = Debug|Any CPU
		{FDB19201-F13C-483D-AF03-B25F5EB49C06}.Debug|Any CPU.Build.0 = Debug|Any CPU
		{FDB19201-F13C-483D-AF03-B25F5EB49C06}.Release|Any CPU.ActiveCfg = Release|Any CPU
		{FDB19201-F13C-483D-AF03-B25F5EB49C06}.Release|Any CPU.Build.0 = Release|Any CPU
		{AE53A21B-4CDB-4FF8-A424-2D509AF8554B}.Debug|Any CPU.ActiveCfg = Debug|Any CPU
		{AE53A21B-4CDB-4FF8-A424-2D509AF8554B}.Debug|Any CPU.Build.0 = Debug|Any CPU
		{AE53A21B-4CDB-4FF8-A424-2D509AF8554B}.Release|Any CPU.ActiveCfg = Release|Any CPU
		{AE53A21B-4CDB-4FF8-A424-2D509AF8554B}.Release|Any CPU.Build.0 = Release|Any CPU
		{9BC9A2C8-DB55-463D-B98A-3EAC00CF9C6E}.Debug|Any CPU.ActiveCfg = Debug|Any CPU
		{9BC9A2C8-DB55-463D-B98A-3EAC00CF9C6E}.Debug|Any CPU.Build.0 = Debug|Any CPU
		{9BC9A2C8-DB55-463D-B98A-3EAC00CF9C6E}.Release|Any CPU.ActiveCfg = Release|Any CPU
		{9BC9A2C8-DB55-463D-B98A-3EAC00CF9C6E}.Release|Any CPU.Build.0 = Release|Any CPU
		{697518A0-EA5E-4F94-A973-4B6B95EE3644}.Debug|Any CPU.ActiveCfg = Debug|Any CPU
		{697518A0-EA5E-4F94-A973-4B6B95EE3644}.Debug|Any CPU.Build.0 = Debug|Any CPU
		{697518A0-EA5E-4F94-A973-4B6B95EE3644}.Release|Any CPU.ActiveCfg = Release|Any CPU
		{697518A0-EA5E-4F94-A973-4B6B95EE3644}.Release|Any CPU.Build.0 = Release|Any CPU
		{4F82AAD2-DAF8-4382-9DEE-D66786CE731A}.Debug|Any CPU.ActiveCfg = Debug|Any CPU
		{4F82AAD2-DAF8-4382-9DEE-D66786CE731A}.Debug|Any CPU.Build.0 = Debug|Any CPU
		{4F82AAD2-DAF8-4382-9DEE-D66786CE731A}.Release|Any CPU.ActiveCfg = Release|Any CPU
		{4F82AAD2-DAF8-4382-9DEE-D66786CE731A}.Release|Any CPU.Build.0 = Release|Any CPU
		{F8E54B46-38EB-4ECD-9FF8-FED96204CAF7}.Debug|Any CPU.ActiveCfg = Debug|Any CPU
		{F8E54B46-38EB-4ECD-9FF8-FED96204CAF7}.Debug|Any CPU.Build.0 = Debug|Any CPU
		{F8E54B46-38EB-4ECD-9FF8-FED96204CAF7}.Release|Any CPU.ActiveCfg = Release|Any CPU
		{F8E54B46-38EB-4ECD-9FF8-FED96204CAF7}.Release|Any CPU.Build.0 = Release|Any CPU
		{56BA4930-D094-4145-8D99-3DD3AB000BA2}.Debug|Any CPU.ActiveCfg = Debug|Any CPU
		{56BA4930-D094-4145-8D99-3DD3AB000BA2}.Debug|Any CPU.Build.0 = Debug|Any CPU
		{56BA4930-D094-4145-8D99-3DD3AB000BA2}.Release|Any CPU.ActiveCfg = Release|Any CPU
		{56BA4930-D094-4145-8D99-3DD3AB000BA2}.Release|Any CPU.Build.0 = Release|Any CPU
		{2EC81F40-F946-4519-BFA7-B658C1E796AA}.Debug|Any CPU.ActiveCfg = Debug|Any CPU
		{2EC81F40-F946-4519-BFA7-B658C1E796AA}.Debug|Any CPU.Build.0 = Debug|Any CPU
		{2EC81F40-F946-4519-BFA7-B658C1E796AA}.Release|Any CPU.ActiveCfg = Release|Any CPU
		{2EC81F40-F946-4519-BFA7-B658C1E796AA}.Release|Any CPU.Build.0 = Release|Any CPU
		{797F3F13-BC18-40ED-9541-1ECF9B749507}.Debug|Any CPU.ActiveCfg = Debug|Any CPU
		{797F3F13-BC18-40ED-9541-1ECF9B749507}.Debug|Any CPU.Build.0 = Debug|Any CPU
		{797F3F13-BC18-40ED-9541-1ECF9B749507}.Release|Any CPU.ActiveCfg = Release|Any CPU
		{797F3F13-BC18-40ED-9541-1ECF9B749507}.Release|Any CPU.Build.0 = Release|Any CPU
	EndGlobalSection
	GlobalSection(SolutionProperties) = preSolution
		HideSolutionNode = FALSE
	EndGlobalSection
	GlobalSection(NestedProjects) = preSolution
		{7E3E84E1-9EB5-44FD-A7EC-F0F3C42A51D9} = {AAA8C570-A68B-4197-823F-03AC13A170CF}
		{0C90F6FC-58AF-4C8B-9FF8-866C9E4CEF21} = {3D8759FE-B3B5-4461-AF2B-59E9AE5FDAEC}
		{FDB19201-F13C-483D-AF03-B25F5EB49C06} = {BEE42850-F611-4370-9370-7396B9A7C9A0}
		{AE53A21B-4CDB-4FF8-A424-2D509AF8554B} = {4A9983B4-3618-41A3-AB04-4C1BDF273718}
		{9C839E02-4544-4B51-B487-7E145B8FB116} = {D7999930-D310-436F-A08B-81AB10141F75}
		{9BC9A2C8-DB55-463D-B98A-3EAC00CF9C6E} = {9C839E02-4544-4B51-B487-7E145B8FB116}
		{9F766FBC-14D7-4C53-9D79-353185030111} = {D7999930-D310-436F-A08B-81AB10141F75}
		{697518A0-EA5E-4F94-A973-4B6B95EE3644} = {9F766FBC-14D7-4C53-9D79-353185030111}
		{4F82AAD2-DAF8-4382-9DEE-D66786CE731A} = {9F766FBC-14D7-4C53-9D79-353185030111}
		{F8E54B46-38EB-4ECD-9FF8-FED96204CAF7} = {9F766FBC-14D7-4C53-9D79-353185030111}
		{56BA4930-D094-4145-8D99-3DD3AB000BA2} = {9F766FBC-14D7-4C53-9D79-353185030111}
		{2EC81F40-F946-4519-BFA7-B658C1E796AA} = {9F766FBC-14D7-4C53-9D79-353185030111}
		{797F3F13-BC18-40ED-9541-1ECF9B749507} = {AAA8C570-A68B-4197-823F-03AC13A170CF}
	EndGlobalSection
	GlobalSection(ExtensibilityGlobals) = postSolution
		SolutionGuid = {D51C52BE-E015-4367-B7A6-30A6479123EA}
	EndGlobalSection
EndGlobal
